
Microsoft Visual Studio Solution File, Format Version 12.00
# Visual Studio Version 17
VisualStudioVersion = 17.1.32228.430
MinimumVisualStudioVersion = 10.0.40219.1
Project("{FAE04EC0-301F-11D3-BF4B-00C04F79EFBC}") = "Twol", "Twol\Twol.csproj", "{73933709-370E-43B3-8563-CC0F48FF587B}"
EndProject
Project("{FAE04EC0-301F-11D3-BF4B-00C04F79EFBC}") = "AgIO", "AgIO\Source\AgIO.csproj", "{C88A8244-47F5-4275-AA35-54CC884E9EDE}"
EndProject
Project("{FAE04EC0-301F-11D3-BF4B-00C04F79EFBC}") = "ModSim", "ModSim\ModSim.csproj", "{38E5D197-82BB-42DE-83F8-9D550D09BCDC}"
EndProject
Project("{FAE04EC0-301F-11D3-BF4B-00C04F79EFBC}") = "ModSimTool", "ModSimTool\ModSimTool.csproj", "{5AB4B997-F34C-4992-BF61-CA8F5239D198}"
EndProject
Project("{2150E333-8FDC-42A3-9474-1A3956D46DE8}") = "Solution Items", "Solution Items", "{E7C4D043-154A-4436-933E-03A458BC3365}"
	ProjectSection(SolutionItems) = preProject
		.editorconfig = .editorconfig
	EndProjectSection
EndProject
Global
	GlobalSection(SolutionConfigurationPlatforms) = preSolution
		All|Any CPU = All|Any CPU
		All|ARM = All|ARM
		All|ARM64 = All|ARM64
		All|x86 = All|x86
		Debug|Any CPU = Debug|Any CPU
		Debug|ARM = Debug|ARM
		Debug|ARM64 = Debug|ARM64
		Debug|x86 = Debug|x86
		Release|Any CPU = Release|Any CPU
		Release|ARM = Release|ARM
		Release|ARM64 = Release|ARM64
		Release|x86 = Release|x86
	EndGlobalSection
	GlobalSection(ProjectConfigurationPlatforms) = postSolution
		{73933709-370E-43B3-8563-CC0F48FF587B}.All|Any CPU.ActiveCfg = Release|x86
		{73933709-370E-43B3-8563-CC0F48FF587B}.All|Any CPU.Build.0 = Release|x86
		{73933709-370E-43B3-8563-CC0F48FF587B}.All|ARM.ActiveCfg = Debug|x86
		{73933709-370E-43B3-8563-CC0F48FF587B}.All|ARM.Build.0 = Debug|x86
		{73933709-370E-43B3-8563-CC0F48FF587B}.All|ARM64.ActiveCfg = Debug|x86
		{73933709-370E-43B3-8563-CC0F48FF587B}.All|ARM64.Build.0 = Debug|x86
		{73933709-370E-43B3-8563-CC0F48FF587B}.All|x86.ActiveCfg = Release|x86
		{73933709-370E-43B3-8563-CC0F48FF587B}.All|x86.Build.0 = Release|x86
		{73933709-370E-43B3-8563-CC0F48FF587B}.Debug|Any CPU.ActiveCfg = Debug|x86
		{73933709-370E-43B3-8563-CC0F48FF587B}.Debug|Any CPU.Build.0 = Debug|x86
		{73933709-370E-43B3-8563-CC0F48FF587B}.Debug|ARM.ActiveCfg = Debug|x86
		{73933709-370E-43B3-8563-CC0F48FF587B}.Debug|ARM.Build.0 = Debug|x86
		{73933709-370E-43B3-8563-CC0F48FF587B}.Debug|ARM64.ActiveCfg = Debug|x86
		{73933709-370E-43B3-8563-CC0F48FF587B}.Debug|ARM64.Build.0 = Debug|x86
		{73933709-370E-43B3-8563-CC0F48FF587B}.Debug|x86.ActiveCfg = Debug|x86
		{73933709-370E-43B3-8563-CC0F48FF587B}.Debug|x86.Build.0 = Debug|x86
		{73933709-370E-43B3-8563-CC0F48FF587B}.Release|Any CPU.ActiveCfg = Release|x86
		{73933709-370E-43B3-8563-CC0F48FF587B}.Release|Any CPU.Build.0 = Release|x86
		{73933709-370E-43B3-8563-CC0F48FF587B}.Release|ARM.ActiveCfg = Release|x86
		{73933709-370E-43B3-8563-CC0F48FF587B}.Release|ARM.Build.0 = Release|x86
		{73933709-370E-43B3-8563-CC0F48FF587B}.Release|ARM64.ActiveCfg = Release|x86
		{73933709-370E-43B3-8563-CC0F48FF587B}.Release|ARM64.Build.0 = Release|x86
		{73933709-370E-43B3-8563-CC0F48FF587B}.Release|x86.ActiveCfg = Release|x86
		{73933709-370E-43B3-8563-CC0F48FF587B}.Release|x86.Build.0 = Release|x86
		{C88A8244-47F5-4275-AA35-54CC884E9EDE}.All|Any CPU.ActiveCfg = Debug|Any CPU
		{C88A8244-47F5-4275-AA35-54CC884E9EDE}.All|Any CPU.Build.0 = Debug|Any CPU
		{C88A8244-47F5-4275-AA35-54CC884E9EDE}.All|ARM.ActiveCfg = Debug|Any CPU
		{C88A8244-47F5-4275-AA35-54CC884E9EDE}.All|ARM.Build.0 = Debug|Any CPU
		{C88A8244-47F5-4275-AA35-54CC884E9EDE}.All|ARM64.ActiveCfg = Debug|Any CPU
		{C88A8244-47F5-4275-AA35-54CC884E9EDE}.All|ARM64.Build.0 = Debug|Any CPU
		{C88A8244-47F5-4275-AA35-54CC884E9EDE}.All|x86.ActiveCfg = Debug|Any CPU
		{C88A8244-47F5-4275-AA35-54CC884E9EDE}.All|x86.Build.0 = Debug|Any CPU
		{C88A8244-47F5-4275-AA35-54CC884E9EDE}.Debug|Any CPU.ActiveCfg = Debug|Any CPU
		{C88A8244-47F5-4275-AA35-54CC884E9EDE}.Debug|Any CPU.Build.0 = Debug|Any CPU
		{C88A8244-47F5-4275-AA35-54CC884E9EDE}.Debug|ARM.ActiveCfg = Debug|Any CPU
		{C88A8244-47F5-4275-AA35-54CC884E9EDE}.Debug|ARM.Build.0 = Debug|Any CPU
		{C88A8244-47F5-4275-AA35-54CC884E9EDE}.Debug|ARM64.ActiveCfg = Debug|Any CPU
		{C88A8244-47F5-4275-AA35-54CC884E9EDE}.Debug|ARM64.Build.0 = Debug|Any CPU
		{C88A8244-47F5-4275-AA35-54CC884E9EDE}.Debug|x86.ActiveCfg = Debug|Any CPU
		{C88A8244-47F5-4275-AA35-54CC884E9EDE}.Debug|x86.Build.0 = Debug|Any CPU
		{C88A8244-47F5-4275-AA35-54CC884E9EDE}.Release|Any CPU.ActiveCfg = Release|Any CPU
		{C88A8244-47F5-4275-AA35-54CC884E9EDE}.Release|Any CPU.Build.0 = Release|Any CPU
		{C88A8244-47F5-4275-AA35-54CC884E9EDE}.Release|ARM.ActiveCfg = Release|Any CPU
		{C88A8244-47F5-4275-AA35-54CC884E9EDE}.Release|ARM.Build.0 = Release|Any CPU
		{C88A8244-47F5-4275-AA35-54CC884E9EDE}.Release|ARM64.ActiveCfg = Release|Any CPU
		{C88A8244-47F5-4275-AA35-54CC884E9EDE}.Release|ARM64.Build.0 = Release|Any CPU
		{C88A8244-47F5-4275-AA35-54CC884E9EDE}.Release|x86.ActiveCfg = Release|Any CPU
		{C88A8244-47F5-4275-AA35-54CC884E9EDE}.Release|x86.Build.0 = Release|Any CPU
		{38E5D197-82BB-42DE-83F8-9D550D09BCDC}.All|Any CPU.ActiveCfg = Debug|Any CPU
		{38E5D197-82BB-42DE-83F8-9D550D09BCDC}.All|Any CPU.Build.0 = Debug|Any CPU
		{38E5D197-82BB-42DE-83F8-9D550D09BCDC}.All|ARM.ActiveCfg = Debug|Any CPU
		{38E5D197-82BB-42DE-83F8-9D550D09BCDC}.All|ARM.Build.0 = Debug|Any CPU
		{38E5D197-82BB-42DE-83F8-9D550D09BCDC}.All|ARM64.ActiveCfg = Debug|Any CPU
		{38E5D197-82BB-42DE-83F8-9D550D09BCDC}.All|ARM64.Build.0 = Debug|Any CPU
		{38E5D197-82BB-42DE-83F8-9D550D09BCDC}.All|x86.ActiveCfg = Debug|Any CPU
		{38E5D197-82BB-42DE-83F8-9D550D09BCDC}.All|x86.Build.0 = Debug|Any CPU
		{38E5D197-82BB-42DE-83F8-9D550D09BCDC}.Debug|Any CPU.ActiveCfg = Debug|Any CPU
		{38E5D197-82BB-42DE-83F8-9D550D09BCDC}.Debug|Any CPU.Build.0 = Debug|Any CPU
		{38E5D197-82BB-42DE-83F8-9D550D09BCDC}.Debug|ARM.ActiveCfg = Debug|Any CPU
		{38E5D197-82BB-42DE-83F8-9D550D09BCDC}.Debug|ARM.Build.0 = Debug|Any CPU
		{38E5D197-82BB-42DE-83F8-9D550D09BCDC}.Debug|ARM64.ActiveCfg = Debug|Any CPU
		{38E5D197-82BB-42DE-83F8-9D550D09BCDC}.Debug|ARM64.Build.0 = Debug|Any CPU
		{38E5D197-82BB-42DE-83F8-9D550D09BCDC}.Debug|x86.ActiveCfg = Debug|Any CPU
		{38E5D197-82BB-42DE-83F8-9D550D09BCDC}.Debug|x86.Build.0 = Debug|Any CPU
		{38E5D197-82BB-42DE-83F8-9D550D09BCDC}.Release|Any CPU.ActiveCfg = Release|Any CPU
		{38E5D197-82BB-42DE-83F8-9D550D09BCDC}.Release|Any CPU.Build.0 = Release|Any CPU
		{38E5D197-82BB-42DE-83F8-9D550D09BCDC}.Release|ARM.ActiveCfg = Release|Any CPU
		{38E5D197-82BB-42DE-83F8-9D550D09BCDC}.Release|ARM.Build.0 = Release|Any CPU
		{38E5D197-82BB-42DE-83F8-9D550D09BCDC}.Release|ARM64.ActiveCfg = Release|Any CPU
		{38E5D197-82BB-42DE-83F8-9D550D09BCDC}.Release|ARM64.Build.0 = Release|Any CPU
		{38E5D197-82BB-42DE-83F8-9D550D09BCDC}.Release|x86.ActiveCfg = Release|Any CPU
		{38E5D197-82BB-42DE-83F8-9D550D09BCDC}.Release|x86.Build.0 = Release|Any CPU
		{5AB4B997-F34C-4992-BF61-CA8F5239D198}.All|Any CPU.ActiveCfg = Debug|Any CPU
		{5AB4B997-F34C-4992-BF61-CA8F5239D198}.All|Any CPU.Build.0 = Debug|Any CPU
		{5AB4B997-F34C-4992-BF61-CA8F5239D198}.All|ARM.ActiveCfg = Debug|Any CPU
		{5AB4B997-F34C-4992-BF61-CA8F5239D198}.All|ARM.Build.0 = Debug|Any CPU
		{5AB4B997-F34C-4992-BF61-CA8F5239D198}.All|ARM64.ActiveCfg = Debug|Any CPU
		{5AB4B997-F34C-4992-BF61-CA8F5239D198}.All|ARM64.Build.0 = Debug|Any CPU
		{5AB4B997-F34C-4992-BF61-CA8F5239D198}.All|x86.ActiveCfg = Debug|Any CPU
		{5AB4B997-F34C-4992-BF61-CA8F5239D198}.All|x86.Build.0 = Debug|Any CPU
		{5AB4B997-F34C-4992-BF61-CA8F5239D198}.Debug|Any CPU.ActiveCfg = Debug|Any CPU
		{5AB4B997-F34C-4992-BF61-CA8F5239D198}.Debug|Any CPU.Build.0 = Debug|Any CPU
		{5AB4B997-F34C-4992-BF61-CA8F5239D198}.Debug|ARM.ActiveCfg = Debug|Any CPU
		{5AB4B997-F34C-4992-BF61-CA8F5239D198}.Debug|ARM.Build.0 = Debug|Any CPU
		{5AB4B997-F34C-4992-BF61-CA8F5239D198}.Debug|ARM64.ActiveCfg = Debug|Any CPU
		{5AB4B997-F34C-4992-BF61-CA8F5239D198}.Debug|ARM64.Build.0 = Debug|Any CPU
		{5AB4B997-F34C-4992-BF61-CA8F5239D198}.Debug|x86.ActiveCfg = Debug|Any CPU
		{5AB4B997-F34C-4992-BF61-CA8F5239D198}.Debug|x86.Build.0 = Debug|Any CPU
		{5AB4B997-F34C-4992-BF61-CA8F5239D198}.Release|Any CPU.ActiveCfg = Release|Any CPU
		{5AB4B997-F34C-4992-BF61-CA8F5239D198}.Release|Any CPU.Build.0 = Release|Any CPU
		{5AB4B997-F34C-4992-BF61-CA8F5239D198}.Release|ARM.ActiveCfg = Release|Any CPU
		{5AB4B997-F34C-4992-BF61-CA8F5239D198}.Release|ARM.Build.0 = Release|Any CPU
		{5AB4B997-F34C-4992-BF61-CA8F5239D198}.Release|ARM64.ActiveCfg = Release|Any CPU
		{5AB4B997-F34C-4992-BF61-CA8F5239D198}.Release|ARM64.Build.0 = Release|Any CPU
		{5AB4B997-F34C-4992-BF61-CA8F5239D198}.Release|x86.ActiveCfg = Release|Any CPU
		{5AB4B997-F34C-4992-BF61-CA8F5239D198}.Release|x86.Build.0 = Release|Any CPU
	EndGlobalSection
	GlobalSection(SolutionProperties) = preSolution
		HideSolutionNode = FALSE
	EndGlobalSection
	GlobalSection(ExtensibilityGlobals) = postSolution
		RESX_ResXSortingComparison = Ordinal
		SolutionGuid = {31C86FEF-A77A-49A7-9088-8E0D8AD2ACA5}
		RESX_ShowErrorsInErrorList = False
		RESX_SortFileContentOnSave = True
		RESX_NeutralResourcesLanguage = en-US
		RESX_ConfirmAddLanguageFile = True
	EndGlobalSection
EndGlobal
